Microsoft Visual Studio Solution File, Format Version 12.00
# Visual Studio Version 17
VisualStudioVersion = 17.5.2.0
MinimumVisualStudioVersion = 10.0.40219.1
Project("{FAE04EC0-301F-11D3-BF4B-00C04F79EFBC}") = "MySample2", "MySample2.csproj", "{D95E45E8-0E0E-D803-9D87-ED73103D1E7A}"
EndProject
Global
	GlobalSection(SolutionConfigurationPlatforms) = preSolution
		Debug|Any CPU = Debug|Any CPU
		Release|Any CPU = Release|Any CPU
	EndGlobalSection
	GlobalSection(ProjectConfigurationPlatforms) = postSolution
		{D95E45E8-0E0E-D803-9D87-ED73103D1E7A}.Debug|Any CPU.ActiveCfg = Debug|Any CPU
		{D95E45E8-0E0E-D803-9D87-ED73103D1E7A}.Debug|Any CPU.Build.0 = Debug|Any CPU
		{D95E45E8-0E0E-D803-9D87-ED73103D1E7A}.Release|Any CPU.ActiveCfg = Release|Any CPU
		{D95E45E8-0E0E-D803-9D87-ED73103D1E7A}.Release|Any CPU.Build.0 = Release|Any CPU
	EndGlobalSection
	GlobalSection(SolutionProperties) = preSolution
		HideSolutionNode = FALSE
	EndGlobalSection
	GlobalSection(ExtensibilityGlobals) = postSolution
		SolutionGuid = {A0F4D98D-9600-4C0C-92A2-84B1D28B6CCA}
	EndGlobalSection
EndGlobal
